// !$*UTF8*$!
{
	archiveVersion = 1;
	classes = {
	};
	objectVersion = 50;
	objects = {

/* Begin PBXBuildFile section */
		A011FCE222760E7100F03E51 /* AppDelegate.swift in Sources */ = {isa = PBXBuildFile; fileRef = A011FCE122760E7100F03E51 /* AppDelegate.swift */; };
		A011FCE422760E7100F03E51 /* ViewController.swift in Sources */ = {isa = PBXBuildFile; fileRef = A011FCE322760E7100F03E51 /* ViewController.swift */; };
		A011FCE722760E7100F03E51 /* Main.storyboard in Resources */ = {isa = PBXBuildFile; fileRef = A011FCE522760E7100F03E51 /* Main.storyboard */; };
		A011FCE922760E7300F03E51 /* Assets.xcassets in Resources */ = {isa = PBXBuildFile; fileRef = A011FCE822760E7300F03E51 /* Assets.xcassets */; };
		A011FCEC22760E7300F03E51 /* LaunchScreen.storyboard in Resources */ = {isa = PBXBuildFile; fileRef = A011FCEA22760E7300F03E51 /* LaunchScreen.storyboard */; };
		A011FCF722760E7300F03E51 /* iClacTests.swift in Sources */ = {isa = PBXBuildFile; fileRef = A011FCF622760E7300F03E51 /* iClacTests.swift */; };
		A011FD0222760E7300F03E51 /* iClacUITests.swift in Sources */ = {isa = PBXBuildFile; fileRef = A011FD0122760E7300F03E51 /* iClacUITests.swift */; };
		A099870F227A613C008F1A0F /* TipViewController.swift in Sources */ = {isa = PBXBuildFile; fileRef = A099870E227A613C008F1A0F /* TipViewController.swift */; };
		A09987112283B46D008F1A0F /* DiscountCalculatorViewController.swift in Sources */ = {isa = PBXBuildFile; fileRef = A09987102283B46D008F1A0F /* DiscountCalculatorViewController.swift */; };
/* End PBXBuildFile section */

/* Begin PBXContainerItemProxy section */
		A011FCF322760E7300F03E51 /* PBXContainerItemProxy */ = {
			isa = PBXContainerItemProxy;
			containerPortal = A011FCD622760E7100F03E51 /* Project object */;
			proxyType = 1;
			remoteGlobalIDString = A011FCDD22760E7100F03E51;
			remoteInfo = iClac;
		};
		A011FCFE22760E7300F03E51 /* PBXContainerItemProxy */ = {
			isa = PBXContainerItemProxy;
			containerPortal = A011FCD622760E7100F03E51 /* Project object */;
			proxyType = 1;
			remoteGlobalIDString = A011FCDD22760E7100F03E51;
			remoteInfo = iClac;
		};
/* End PBXContainerItemProxy section */

/* Begin PBXFileReference section */
		A011FCDE22760E7100F03E51 /* Thinkless.app */ = {isa = PBXFileReference; explicitFileType = wrapper.application; includeInIndex = 0; path = Thinkless.app; sourceTree = BUILT_PRODUCTS_DIR; };
		A011FCE122760E7100F03E51 /* AppDelegate.swift */ = {isa = PBXFileReference; lastKnownFileType = sourcecode.swift; path = AppDelegate.swift; sourceTree = "<group>"; };
		A011FCE322760E7100F03E51 /* ViewController.swift */ = {isa = PBXFileReference; lastKnownFileType = sourcecode.swift; path = ViewController.swift; sourceTree = "<group>"; };
		A011FCE622760E7100F03E51 /* Base */ = {isa = PBXFileReference; lastKnownFileType = file.storyboard; name = Base; path = Base.lproj/Main.storyboard; sourceTree = "<group>"; };
		A011FCE822760E7300F03E51 /* Assets.xcassets */ = {isa = PBXFileReference; lastKnownFileType = folder.assetcatalog; path = Assets.xcassets; sourceTree = "<group>"; };
		A011FCEB22760E7300F03E51 /* Base */ = {isa = PBXFileReference; lastKnownFileType = file.storyboard; name = Base; path = Base.lproj/LaunchScreen.storyboard; sourceTree = "<group>"; };
		A011FCED22760E7300F03E51 /* Info.plist */ = {isa = PBXFileReference; lastKnownFileType = text.plist.xml; path = Info.plist; sourceTree = "<group>"; };
		A011FCF222760E7300F03E51 /* ThinklessTests.xctest */ = {isa = PBXFileReference; explicitFileType = wrapper.cfbundle; includeInIndex = 0; path = ThinklessTests.xctest; sourceTree = BUILT_PRODUCTS_DIR; };
		A011FCF622760E7300F03E51 /* iClacTests.swift */ = {isa = PBXFileReference; lastKnownFileType = sourcecode.swift; path = iClacTests.swift; sourceTree = "<group>"; };
		A011FCF822760E7300F03E51 /* Info.plist */ = {isa = PBXFileReference; lastKnownFileType = text.plist.xml; path = Info.plist; sourceTree = "<group>"; };
		A011FCFD22760E7300F03E51 /* ThinklessUITests.xctest */ = {isa = PBXFileReference; explicitFileType = wrapper.cfbundle; includeInIndex = 0; path = ThinklessUITests.xctest; sourceTree = BUILT_PRODUCTS_DIR; };
		A011FD0122760E7300F03E51 /* iClacUITests.swift */ = {isa = PBXFileReference; lastKnownFileType = sourcecode.swift; path = iClacUITests.swift; sourceTree = "<group>"; };
		A011FD0322760E7300F03E51 /* Info.plist */ = {isa = PBXFileReference; lastKnownFileType = text.plist.xml; path = Info.plist; sourceTree = "<group>"; };
		A099870E227A613C008F1A0F /* TipViewController.swift */ = {isa = PBXFileReference; lastKnownFileType = sourcecode.swift; path = TipViewController.swift; sourceTree = "<group>"; };
		A09987102283B46D008F1A0F /* DiscountCalculatorViewController.swift */ = {isa = PBXFileReference; lastKnownFileType = sourcecode.swift; path = DiscountCalculatorViewController.swift; sourceTree = "<group>"; };
/* End PBXFileReference section */

/* Begin PBXFrameworksBuildPhase section */
		A011FCDB22760E7100F03E51 /* Frameworks */ = {
			isa = PBXFrameworksBuildPhase;
			buildActionMask = 2147483647;
			files = (
			);
			runOnlyForDeploymentPostprocessing = 0;
		};
		A011FCEF22760E7300F03E51 /* Frameworks */ = {
			isa = PBXFrameworksBuildPhase;
			buildActionMask = 2147483647;
			files = (
			);
			runOnlyForDeploymentPostprocessing = 0;
		};
		A011FCFA22760E7300F03E51 /* Frameworks */ = {
			isa = PBXFrameworksBuildPhase;
			buildActionMask = 2147483647;
			files = (
			);
			runOnlyForDeploymentPostprocessing = 0;
		};
/* End PBXFrameworksBuildPhase section */

/* Begin PBXGroup section */
		A011FCD522760E7100F03E51 = {
			isa = PBXGroup;
			children = (
				A011FCE022760E7100F03E51 /* Thinkless */,
				A011FCF522760E7300F03E51 /* iClacTests */,
				A011FD0022760E7300F03E51 /* iClacUITests */,
				A011FCDF22760E7100F03E51 /* Products */,
			);
			sourceTree = "<group>";
		};
		A011FCDF22760E7100F03E51 /* Products */ = {
			isa = PBXGroup;
			children = (
				A011FCDE22760E7100F03E51 /* Thinkless.app */,
				A011FCF222760E7300F03E51 /* ThinklessTests.xctest */,
				A011FCFD22760E7300F03E51 /* ThinklessUITests.xctest */,
			);
			name = Products;
			sourceTree = "<group>";
		};
		A011FCE022760E7100F03E51 /* Thinkless */ = {
			isa = PBXGroup;
			children = (
				A011FCE122760E7100F03E51 /* AppDelegate.swift */,
				A011FCE322760E7100F03E51 /* ViewController.swift */,
				A011FCE522760E7100F03E51 /* Main.storyboard */,
				A09987102283B46D008F1A0F /* DiscountCalculatorViewController.swift */,
				A099870E227A613C008F1A0F /* TipViewController.swift */,
				A011FCE822760E7300F03E51 /* Assets.xcassets */,
				A011FCEA22760E7300F03E51 /* LaunchScreen.storyboard */,
				A011FCED22760E7300F03E51 /* Info.plist */,
			);
			path = Thinkless;
			sourceTree = "<group>";
		};
		A011FCF522760E7300F03E51 /* iClacTests */ = {
			isa = PBXGroup;
			children = (
				A011FCF622760E7300F03E51 /* iClacTests.swift */,
				A011FCF822760E7300F03E51 /* Info.plist */,
			);
			path = iClacTests;
			sourceTree = "<group>";
		};
		A011FD0022760E7300F03E51 /* iClacUITests */ = {
			isa = PBXGroup;
			children = (
				A011FD0122760E7300F03E51 /* iClacUITests.swift */,
				A011FD0322760E7300F03E51 /* Info.plist */,
			);
			path = iClacUITests;
			sourceTree = "<group>";
		};
/* End PBXGroup section */

/* Begin PBXNativeTarget section */
		A011FCDD22760E7100F03E51 /* Thinkless */ = {
			isa = PBXNativeTarget;
			buildConfigurationList = A011FD0622760E7300F03E51 /* Build configuration list for PBXNativeTarget "Thinkless" */;
			buildPhases = (
				A011FCDA22760E7100F03E51 /* Sources */,
				A011FCDB22760E7100F03E51 /* Frameworks */,
				A011FCDC22760E7100F03E51 /* Resources */,
			);
			buildRules = (
			);
			dependencies = (
			);
			name = Thinkless;
			productName = iClac;
			productReference = A011FCDE22760E7100F03E51 /* Thinkless.app */;
			productType = "com.apple.product-type.application";
		};
		A011FCF122760E7300F03E51 /* ThinklessTests */ = {
			isa = PBXNativeTarget;
			buildConfigurationList = A011FD0922760E7300F03E51 /* Build configuration list for PBXNativeTarget "ThinklessTests" */;
			buildPhases = (
				A011FCEE22760E7300F03E51 /* Sources */,
				A011FCEF22760E7300F03E51 /* Frameworks */,
				A011FCF022760E7300F03E51 /* Resources */,
			);
			buildRules = (
			);
			dependencies = (
				A011FCF422760E7300F03E51 /* PBXTargetDependency */,
			);
			name = ThinklessTests;
			productName = iClacTests;
			productReference = A011FCF222760E7300F03E51 /* ThinklessTests.xctest */;
			productType = "com.apple.product-type.bundle.unit-test";
		};
		A011FCFC22760E7300F03E51 /* ThinklessUITests */ = {
			isa = PBXNativeTarget;
			buildConfigurationList = A011FD0C22760E7300F03E51 /* Build configuration list for PBXNativeTarget "ThinklessUITests" */;
			buildPhases = (
				A011FCF922760E7300F03E51 /* Sources */,
				A011FCFA22760E7300F03E51 /* Frameworks */,
				A011FCFB22760E7300F03E51 /* Resources */,
			);
			buildRules = (
			);
			dependencies = (
				A011FCFF22760E7300F03E51 /* PBXTargetDependency */,
			);
			name = ThinklessUITests;
			productName = iClacUITests;
			productReference = A011FCFD22760E7300F03E51 /* ThinklessUITests.xctest */;
			productType = "com.apple.product-type.bundle.ui-testing";
		};
/* End PBXNativeTarget section */

/* Begin PBXProject section */
		A011FCD622760E7100F03E51 /* Project object */ = {
			isa = PBXProject;
			attributes = {
				LastSwiftUpdateCheck = 1020;
				LastUpgradeCheck = 1020;
				ORGANIZATIONNAME = "Owen Sutton";
				TargetAttributes = {
					A011FCDD22760E7100F03E51 = {
						CreatedOnToolsVersion = 10.2.1;
					};
					A011FCF122760E7300F03E51 = {
						CreatedOnToolsVersion = 10.2.1;
						TestTargetID = A011FCDD22760E7100F03E51;
					};
					A011FCFC22760E7300F03E51 = {
						CreatedOnToolsVersion = 10.2.1;
						TestTargetID = A011FCDD22760E7100F03E51;
					};
				};
			};
			buildConfigurationList = A011FCD922760E7100F03E51 /* Build configuration list for PBXProject "Thinkless" */;
			compatibilityVersion = "Xcode 9.3";
			developmentRegion = en;
			hasScannedForEncodings = 0;
			knownRegions = (
				en,
				Base,
			);
			mainGroup = A011FCD522760E7100F03E51;
			productRefGroup = A011FCDF22760E7100F03E51 /* Products */;
			projectDirPath = "";
			projectRoot = "";
			targets = (
				A011FCDD22760E7100F03E51 /* Thinkless */,
				A011FCF122760E7300F03E51 /* ThinklessTests */,
				A011FCFC22760E7300F03E51 /* ThinklessUITests */,
			);
		};
/* End PBXProject section */

/* Begin PBXResourcesBuildPhase section */
		A011FCDC22760E7100F03E51 /* Resources */ = {
			isa = PBXResourcesBuildPhase;
			buildActionMask = 2147483647;
			files = (
				A011FCEC22760E7300F03E51 /* LaunchScreen.storyboard in Resources */,
				A011FCE922760E7300F03E51 /* Assets.xcassets in Resources */,
				A011FCE722760E7100F03E51 /* Main.storyboard in Resources */,
			);
			runOnlyForDeploymentPostprocessing = 0;
		};
		A011FCF022760E7300F03E51 /* Resources */ = {
			isa = PBXResourcesBuildPhase;
			buildActionMask = 2147483647;
			files = (
			);
			runOnlyForDeploymentPostprocessing = 0;
		};
		A011FCFB22760E7300F03E51 /* Resources */ = {
			isa = PBXResourcesBuildPhase;
			buildActionMask = 2147483647;
			files = (
			);
			runOnlyForDeploymentPostprocessing = 0;
		};
/* End PBXResourcesBuildPhase section */

/* Begin PBXSourcesBuildPhase section */
		A011FCDA22760E7100F03E51 /* Sources */ = {
			isa = PBXSourcesBuildPhase;
			buildActionMask = 2147483647;
			files = (
				A011FCE422760E7100F03E51 /* ViewController.swift in Sources */,
				A099870F227A613C008F1A0F /* TipViewController.swift in Sources */,
				A011FCE222760E7100F03E51 /* AppDelegate.swift in Sources */,
				A09987112283B46D008F1A0F /* DiscountCalculatorViewController.swift in Sources */,
			);
			runOnlyForDeploymentPostprocessing = 0;
		};
		A011FCEE22760E7300F03E51 /* Sources */ = {
			isa = PBXSourcesBuildPhase;
			buildActionMask = 2147483647;
			files = (
				A011FCF722760E7300F03E51 /* iClacTests.swift in Sources */,
			);
			runOnlyForDeploymentPostprocessing = 0;
		};
		A011FCF922760E7300F03E51 /* Sources */ = {
			isa = PBXSourcesBuildPhase;
			buildActionMask = 2147483647;
			files = (
				A011FD0222760E7300F03E51 /* iClacUITests.swift in Sources */,
			);
			runOnlyForDeploymentPostprocessing = 0;
		};
/* End PBXSourcesBuildPhase section */

/* Begin PBXTargetDependency section */
		A011FCF422760E7300F03E51 /* PBXTargetDependency */ = {
			isa = PBXTargetDependency;
			target = A011FCDD22760E7100F03E51 /* Thinkless */;
			targetProxy = A011FCF322760E7300F03E51 /* PBXContainerItemProxy */;
		};
		A011FCFF22760E7300F03E51 /* PBXTargetDependency */ = {
			isa = PBXTargetDependency;
			target = A011FCDD22760E7100F03E51 /* Thinkless */;
			targetProxy = A011FCFE22760E7300F03E51 /* PBXContainerItemProxy */;
		};
/* End PBXTargetDependency section */

/* Begin PBXVariantGroup section */
		A011FCE522760E7100F03E51 /* Main.storyboard */ = {
			isa = PBXVariantGroup;
			children = (
				A011FCE622760E7100F03E51 /* Base */,
			);
			name = Main.storyboard;
			sourceTree = "<group>";
		};
		A011FCEA22760E7300F03E51 /* LaunchScreen.storyboard */ = {
			isa = PBXVariantGroup;
			children = (
				A011FCEB22760E7300F03E51 /* Base */,
			);
			name = LaunchScreen.storyboard;
			sourceTree = "<group>";
		};
/* End PBXVariantGroup section */

/* Begin XCBuildConfiguration section */
		A011FD0422760E7300F03E51 /* Debug */ = {
			isa = XCBuildConfiguration;
			buildSettings = {
				ALWAYS_SEARCH_USER_PATHS = NO;
				CLANG_ANALYZER_NONNULL = YES;
				CLANG_ANALYZER_NUMBER_OBJECT_CONVERSION = YES_AGGRESSIVE;
				CLANG_CXX_LANGUAGE_STANDARD = "gnu++14";
				CLANG_CXX_LIBRARY = "libc++";
				CLANG_ENABLE_MODULES = YES;
				CLANG_ENABLE_OBJC_ARC = YES;
				CLANG_ENABLE_OBJC_WEAK = YES;
				CLANG_WARN_BLOCK_CAPTURE_AUTORELEASING = YES;
				CLANG_WARN_BOOL_CONVERSION = YES;
				CLANG_WARN_COMMA = YES;
				CLANG_WARN_CONSTANT_CONVERSION = YES;
				CLANG_WARN_DEPRECATED_OBJC_IMPLEMENTATIONS = YES;
				CLANG_WARN_DIRECT_OBJC_ISA_USAGE = YES_ERROR;
				CLANG_WARN_DOCUMENTATION_COMMENTS = YES;
				CLANG_WARN_EMPTY_BODY = YES;
				CLANG_WARN_ENUM_CONVERSION = YES;
				CLANG_WARN_INFINITE_RECURSION = YES;
				CLANG_WARN_INT_CONVERSION = YES;
				CLANG_WARN_NON_LITERAL_NULL_CONVERSION = YES;
				CLANG_WARN_OBJC_IMPLICIT_RETAIN_SELF = YES;
				CLANG_WARN_OBJC_LITERAL_CONVERSION = YES;
				CLANG_WARN_OBJC_ROOT_CLASS = YES_ERROR;
				CLANG_WARN_RANGE_LOOP_ANALYSIS = YES;
				CLANG_WARN_STRICT_PROTOTYPES = YES;
				CLANG_WARN_SUSPICIOUS_MOVE = YES;
				CLANG_WARN_UNGUARDED_AVAILABILITY = YES_AGGRESSIVE;
				CLANG_WARN_UNREACHABLE_CODE = YES;
				CLANG_WARN__DUPLICATE_METHOD_MATCH = YES;
				CODE_SIGN_IDENTITY = "iPhone Developer";
				COPY_PHASE_STRIP = NO;
				DEBUG_INFORMATION_FORMAT = dwarf;
				ENABLE_STRICT_OBJC_MSGSEND = YES;
				ENABLE_TESTABILITY = YES;
				GCC_C_LANGUAGE_STANDARD = gnu11;
				GCC_DYNAMIC_NO_PIC = NO;
				GCC_NO_COMMON_BLOCKS = YES;
				GCC_OPTIMIZATION_LEVEL = 0;
				GCC_PREPROCESSOR_DEFINITIONS = (
					"DEBUG=1",
					"$(inherited)",
				);
				GCC_WARN_64_TO_32_BIT_CONVERSION = YES;
				GCC_WARN_ABOUT_RETURN_TYPE = YES_ERROR;
				GCC_WARN_UNDECLARED_SELECTOR = YES;
				GCC_WARN_UNINITIALIZED_AUTOS = YES_AGGRESSIVE;
				GCC_WARN_UNUSED_FUNCTION = YES;
				GCC_WARN_UNUSED_VARIABLE = YES;
				IPHONEOS_DEPLOYMENT_TARGET = 12.2;
				MTL_ENABLE_DEBUG_INFO = INCLUDE_SOURCE;
				MTL_FAST_MATH = YES;
				ONLY_ACTIVE_ARCH = YES;
				SDKROOT = iphoneos;
				SWIFT_ACTIVE_COMPILATION_CONDITIONS = DEBUG;
				SWIFT_OPTIMIZATION_LEVEL = "-Onone";
			};
			name = Debug;
		};
		A011FD0522760E7300F03E51 /* Release */ = {
			isa = XCBuildConfiguration;
			buildSettings = {
				ALWAYS_SEARCH_USER_PATHS = NO;
				CLANG_ANALYZER_NONNULL = YES;
				CLANG_ANALYZER_NUMBER_OBJECT_CONVERSION = YES_AGGRESSIVE;
				CLANG_CXX_LANGUAGE_STANDARD = "gnu++14";
				CLANG_CXX_LIBRARY = "libc++";
				CLANG_ENABLE_MODULES = YES;
				CLANG_ENABLE_OBJC_ARC = YES;
				CLANG_ENABLE_OBJC_WEAK = YES;
				CLANG_WARN_BLOCK_CAPTURE_AUTORELEASING = YES;
				CLANG_WARN_BOOL_CONVERSION = YES;
				CLANG_WARN_COMMA = YES;
				CLANG_WARN_CONSTANT_CONVERSION = YES;
				CLANG_WARN_DEPRECATED_OBJC_IMPLEMENTATIONS = YES;
				CLANG_WARN_DIRECT_OBJC_ISA_USAGE = YES_ERROR;
				CLANG_WARN_DOCUMENTATION_COMMENTS = YES;
				CLANG_WARN_EMPTY_BODY = YES;
				CLANG_WARN_ENUM_CONVERSION = YES;
				CLANG_WARN_INFINITE_RECURSION = YES;
				CLANG_WARN_INT_CONVERSION = YES;
				CLANG_WARN_NON_LITERAL_NULL_CONVERSION = YES;
				CLANG_WARN_OBJC_IMPLICIT_RETAIN_SELF = YES;
				CLANG_WARN_OBJC_LITERAL_CONVERSION = YES;
				CLANG_WARN_OBJC_ROOT_CLASS = YES_ERROR;
				CLANG_WARN_RANGE_LOOP_ANALYSIS = YES;
				CLANG_WARN_STRICT_PROTOTYPES = YES;
				CLANG_WARN_SUSPICIOUS_MOVE = YES;
				CLANG_WARN_UNGUARDED_AVAILABILITY = YES_AGGRESSIVE;
				CLANG_WARN_UNREACHABLE_CODE = YES;
				CLANG_WARN__DUPLICATE_METHOD_MATCH = YES;
				CODE_SIGN_IDENTITY = "iPhone Developer";
				COPY_PHASE_STRIP = NO;
				DEBUG_INFORMATION_FORMAT = "dwarf-with-dsym";
				ENABLE_NS_ASSERTIONS = NO;
				ENABLE_STRICT_OBJC_MSGSEND = YES;
				GCC_C_LANGUAGE_STANDARD = gnu11;
				GCC_NO_COMMON_BLOCKS = YES;
				GCC_WARN_64_TO_32_BIT_CONVERSION = YES;
				GCC_WARN_ABOUT_RETURN_TYPE = YES_ERROR;
				GCC_WARN_UNDECLARED_SELECTOR = YES;
				GCC_WARN_UNINITIALIZED_AUTOS = YES_AGGRESSIVE;
				GCC_WARN_UNUSED_FUNCTION = YES;
				GCC_WARN_UNUSED_VARIABLE = YES;
				IPHONEOS_DEPLOYMENT_TARGET = 12.2;
				MTL_ENABLE_DEBUG_INFO = NO;
				MTL_FAST_MATH = YES;
				SDKROOT = iphoneos;
				SWIFT_COMPILATION_MODE = wholemodule;
				SWIFT_OPTIMIZATION_LEVEL = "-O";
				VALIDATE_PRODUCT = YES;
			};
			name = Release;
		};
		A011FD0722760E7300F03E51 /* Debug */ = {
			isa = XCBuildConfiguration;
			buildSettings = {
				ASSETCATALOG_COMPILER_APPICON_NAME = AppIcon;
				CODE_SIGN_STYLE = Automatic;
				DEVELOPMENT_TEAM = JERP9EHFP2;
				INFOPLIST_FILE = "$(SRCROOT)/Thinkless/Info.plist";
				LD_RUNPATH_SEARCH_PATHS = (
					"$(inherited)",
					"@executable_path/Frameworks",
				);
				PRODUCT_BUNDLE_IDENTIFIER = OwenSutton.ThoughtBubble;
				PRODUCT_NAME = "$(TARGET_NAME)";
				SWIFT_VERSION = 5.0;
				TARGETED_DEVICE_FAMILY = "1,2";
			};
			name = Debug;
		};
		A011FD0822760E7300F03E51 /* Release */ = {
			isa = XCBuildConfiguration;
			buildSettings = {
				ASSETCATALOG_COMPILER_APPICON_NAME = AppIcon;
				CODE_SIGN_STYLE = Automatic;
				DEVELOPMENT_TEAM = JERP9EHFP2;
				INFOPLIST_FILE = "$(SRCROOT)/Thinkless/Info.plist";
				LD_RUNPATH_SEARCH_PATHS = (
					"$(inherited)",
					"@executable_path/Frameworks",
				);
				PRODUCT_BUNDLE_IDENTIFIER = OwenSutton.ThoughtBubble;
				PRODUCT_NAME = "$(TARGET_NAME)";
				SWIFT_VERSION = 5.0;
				TARGETED_DEVICE_FAMILY = "1,2";
			};
			name = Release;
		};
		A011FD0A22760E7300F03E51 /* Debug */ = {
			isa = XCBuildConfiguration;
			buildSettings = {
				ALWAYS_EMBED_SWIFT_STANDARD_LIBRARIES = YES;
				BUNDLE_LOADER = "$(TEST_HOST)";
				CODE_SIGN_STYLE = Automatic;
				INFOPLIST_FILE = iClacTests/Info.plist;
				LD_RUNPATH_SEARCH_PATHS = (
					"$(inherited)",
					"@executable_path/Frameworks",
					"@loader_path/Frameworks",
				);
				PRODUCT_BUNDLE_IDENTIFIER = OwenSutton.iClacTests;
				PRODUCT_NAME = "$(TARGET_NAME)";
				SWIFT_VERSION = 5.0;
				TARGETED_DEVICE_FAMILY = "1,2";
				TEST_HOST = "$(BUILT_PRODUCTS_DIR)/Thinkless.app/Thinkless";
			};
			name = Debug;
		};
		A011FD0B22760E7300F03E51 /* Release */ = {
			isa = XCBuildConfiguration;
			buildSettings = {
				ALWAYS_EMBED_SWIFT_STANDARD_LIBRARIES = YES;
				BUNDLE_LOADER = "$(TEST_HOST)";
				CODE_SIGN_STYLE = Automatic;
				INFOPLIST_FILE = iClacTests/Info.plist;
				LD_RUNPATH_SEARCH_PATHS = (
					"$(inherited)",
					"@executable_path/Frameworks",
					"@loader_path/Frameworks",
				);
				PRODUCT_BUNDLE_IDENTIFIER = OwenSutton.iClacTests;
				PRODUCT_NAME = "$(TARGET_NAME)";
				SWIFT_VERSION = 5.0;
				TARGETED_DEVICE_FAMILY = "1,2";
				TEST_HOST = "$(BUILT_PRODUCTS_DIR)/Thinkless.app/Thinkless";
			};
			name = Release;
		};
		A011FD0D22760E7300F03E51 /* Debug */ = {
			isa = XCBuildConfiguration;
			buildSettings = {
				ALWAYS_EMBED_SWIFT_STANDARD_LIBRARIES = YES;
				CODE_SIGN_STYLE = Automatic;
				INFOPLIST_FILE = iClacUITests/Info.plist;
				LD_RUNPATH_SEARCH_PATHS = (
					"$(inherited)",
					"@executable_path/Frameworks",
					"@loader_path/Frameworks",
				);
				PRODUCT_BUNDLE_IDENTIFIER = OwenSutton.iClacUITests;
				PRODUCT_NAME = "$(TARGET_NAME)";
				SWIFT_VERSION = 5.0;
				TARGETED_DEVICE_FAMILY = "1,2";
				TEST_TARGET_NAME = iClac;
			};
			name = Debug;
		};
		A011FD0E22760E7300F03E51 /* Release */ = {
			isa = XCBuildConfiguration;
			buildSettings = {
				ALWAYS_EMBED_SWIFT_STANDARD_LIBRARIES = YES;
				CODE_SIGN_STYLE = Automatic;
				INFOPLIST_FILE = iClacUITests/Info.plist;
				LD_RUNPATH_SEARCH_PATHS = (
					"$(inherited)",
					"@executable_path/Frameworks",
					"@loader_path/Frameworks",
				);
				PRODUCT_BUNDLE_IDENTIFIER = OwenSutton.iClacUITests;
				PRODUCT_NAME = "$(TARGET_NAME)";
				SWIFT_VERSION = 5.0;
				TARGETED_DEVICE_FAMILY = "1,2";
				TEST_TARGET_NAME = iClac;
			};
			name = Release;
		};
/* End XCBuildConfiguration section */

/* Begin XCConfigurationList section */
		A011FCD922760E7100F03E51 /* Build configuration list for PBXProject "Thinkless" */ = {
			isa = XCConfigurationList;
			buildConfigurations = (
				A011FD0422760E7300F03E51 /* Debug */,
				A011FD0522760E7300F03E51 /* Release */,
			);
			defaultConfigurationIsVisible = 0;
			defaultConfigurationName = Release;
		};
		A011FD0622760E7300F03E51 /* Build configuration list for PBXNativeTarget "Thinkless" */ = {
			isa = XCConfigurationList;
			buildConfigurations = (
				A011FD0722760E7300F03E51 /* Debug */,
				A011FD0822760E7300F03E51 /* Release */,
			);
			defaultConfigurationIsVisible = 0;
			defaultConfigurationName = Release;
		};
		A011FD0922760E7300F03E51 /* Build configuration list for PBXNativeTarget "ThinklessTests" */ = {
			isa = XCConfigurationList;
			buildConfigurations = (
				A011FD0A22760E7300F03E51 /* Debug */,
				A011FD0B22760E7300F03E51 /* Release */,
			);
			defaultConfigurationIsVisible = 0;
			defaultConfigurationName = Release;
		};
		A011FD0C22760E7300F03E51 /* Build configuration list for PBXNativeTarget "ThinklessUITests" */ = {
			isa = XCConfigurationList;
			buildConfigurations = (
				A011FD0D22760E7300F03E51 /* Debug */,
				A011FD0E22760E7300F03E51 /* Release */,
			);
			defaultConfigurationIsVisible = 0;
			defaultConfigurationName = Release;
		};
/* End XCConfigurationList section */
	};
	rootObject = A011FCD622760E7100F03E51 /* Project object */;
}
